
Microsoft Visual Studio Solution File, Format Version 12.00
# Visual Studio Version 17
VisualStudioVersion = 17.11.35312.102
MinimumVisualStudioVersion = 10.0.40219.1
Project("{FAE04EC0-301F-11D3-BF4B-00C04F79EFBC}") = "Formationn_Ecommerce", "Formationn_Ecommerce\Formationn_Ecommerce.csproj", "{3EF233EA-4567-4598-BB60-BBE0A1A67DE7}"
EndProject
Project("{FAE04EC0-301F-11D3-BF4B-00C04F79EFBC}") = "Formationn_Ecommerce.Core", "Formationn_Ecommerce.Core\Formationn_Ecommerce.Core.csproj", "{8889B2BD-80CA-4717-B887-3BD0861450C5}"
EndProject
Project("{FAE04EC0-301F-11D3-BF4B-00C04F79EFBC}") = "Formationn_Ecommerce.Application", "Formationn_Ecommerce.Application\Formationn_Ecommerce.Application.csproj", "{A6603198-B866-42E5-8EB3-EF8741346AF6}"
EndProject
Project("{FAE04EC0-301F-11D3-BF4B-00C04F79EFBC}") = "Formationn_Ecommerce.Infrastucture", "Formationn_Ecommerce.Infrastucture\Formationn_Ecommerce.Infrastucture.csproj", "{22112B9B-D0A8-4393-8D5F-B174634A3CAA}"
EndProject
Project("{FAE04EC0-301F-11D3-BF4B-00C04F79EFBC}") = "Formationn_Ecommerce.Test", "Formationn_Ecommerce.Test\Formationn_Ecommerce.Test.csproj", "{9539806E-E30F-4C2D-BAC9-6DB975278E42}"
EndProject
Global
	GlobalSection(SolutionConfigurationPlatforms) = preSolution
		Debug|Any CPU = Debug|Any CPU
		Release|Any CPU = Release|Any CPU
	EndGlobalSection
	GlobalSection(ProjectConfigurationPlatforms) = postSolution
		{3EF233EA-4567-4598-BB60-BBE0A1A67DE7}.Debug|Any CPU.ActiveCfg = Debug|Any CPU
		{3EF233EA-4567-4598-BB60-BBE0A1A67DE7}.Debug|Any CPU.Build.0 = Debug|Any CPU
		{3EF233EA-4567-4598-BB60-BBE0A1A67DE7}.Release|Any CPU.ActiveCfg = Release|Any CPU
		{3EF233EA-4567-4598-BB60-BBE0A1A67DE7}.Release|Any CPU.Build.0 = Release|Any CPU
		{8889B2BD-80CA-4717-B887-3BD0861450C5}.Debug|Any CPU.ActiveCfg = Debug|Any CPU
		{8889B2BD-80CA-4717-B887-3BD0861450C5}.Debug|Any CPU.Build.0 = Debug|Any CPU
		{8889B2BD-80CA-4717-B887-3BD0861450C5}.Release|Any CPU.ActiveCfg = Release|Any CPU
		{8889B2BD-80CA-4717-B887-3BD0861450C5}.Release|Any CPU.Build.0 = Release|Any CPU
		{A6603198-B866-42E5-8EB3-EF8741346AF6}.Debug|Any CPU.ActiveCfg = Debug|Any CPU
		{A6603198-B866-42E5-8EB3-EF8741346AF6}.Debug|Any CPU.Build.0 = Debug|Any CPU
		{A6603198-B866-42E5-8EB3-EF8741346AF6}.Release|Any CPU.ActiveCfg = Release|Any CPU
		{A6603198-B866-42E5-8EB3-EF8741346AF6}.Release|Any CPU.Build.0 = Release|Any CPU
		{22112B9B-D0A8-4393-8D5F-B174634A3CAA}.Debug|Any CPU.ActiveCfg = Debug|Any CPU
		{22112B9B-D0A8-4393-8D5F-B174634A3CAA}.Debug|Any CPU.Build.0 = Debug|Any CPU
		{22112B9B-D0A8-4393-8D5F-B174634A3CAA}.Release|Any CPU.ActiveCfg = Release|Any CPU
		{22112B9B-D0A8-4393-8D5F-B174634A3CAA}.Release|Any CPU.Build.0 = Release|Any CPU
		{9539806E-E30F-4C2D-BAC9-6DB975278E42}.Debug|Any CPU.ActiveCfg = Debug|Any CPU
		{9539806E-E30F-4C2D-BAC9-6DB975278E42}.Debug|Any CPU.Build.0 = Debug|Any CPU
		{9539806E-E30F-4C2D-BAC9-6DB975278E42}.Release|Any CPU.ActiveCfg = Release|Any CPU
		{9539806E-E30F-4C2D-BAC9-6DB975278E42}.Release|Any CPU.Build.0 = Release|Any CPU
	EndGlobalSection
	GlobalSection(SolutionProperties) = preSolution
		HideSolutionNode = FALSE
	EndGlobalSection
	GlobalSection(ExtensibilityGlobals) = postSolution
		SolutionGuid = {66C7A676-2AE2-4C39-8163-9A16ADCB8BFF}
	EndGlobalSection
EndGlobal
